
Microsoft Visual Studio Solution File, Format Version 12.00
# Visual Studio Version 17
VisualStudioVersion = 17.1.32421.90
MinimumVisualStudioVersion = 10.0.40219.1
Project("{FAE04EC0-301F-11D3-BF4B-00C04F79EFBC}") = "Pass Storer", "Pass Storer\Pass Storer.csproj", "{49B03653-76F6-4C61-A4A0-3DD1CF8A5EA4}"
EndProject
Global
	GlobalSection(SolutionConfigurationPlatforms) = preSolution
		Debug|Any CPU = Debug|Any CPU
		Release|Any CPU = Release|Any CPU
	EndGlobalSection
	GlobalSection(ProjectConfigurationPlatforms) = postSolution
		{49B03653-76F6-4C61-A4A0-3DD1CF8A5EA4}.Debug|Any CPU.ActiveCfg = Debug|Any CPU
		{49B03653-76F6-4C61-A4A0-3DD1CF8A5EA4}.Debug|Any CPU.Build.0 = Debug|Any CPU
		{49B03653-76F6-4C61-A4A0-3DD1CF8A5EA4}.Release|Any CPU.ActiveCfg = Release|Any CPU
		{49B03653-76F6-4C61-A4A0-3DD1CF8A5EA4}.Release|Any CPU.Build.0 = Release|Any CPU
	EndGlobalSection
	GlobalSection(SolutionProperties) = preSolution
		HideSolutionNode = FALSE
	EndGlobalSection
	GlobalSection(ExtensibilityGlobals) = postSolution
		SolutionGuid = {B0DE5E2A-BC65-4A75-972B-A7DCDDF1B37C}
	EndGlobalSection
EndGlobal
